
Microsoft Visual Studio Solution File, Format Version 12.00
# Visual Studio 15
Project("{FAE04EC0-301F-11D3-BF4B-00C04F79EFBC}") = "Login.Android", "Login.Android\Login.Android.csproj", "{77F93307-AFCE-423F-9967-D8746B695845}"
EndProject
Project("{FAE04EC0-301F-11D3-BF4B-00C04F79EFBC}") = "Login.iOS", "Login.iOS\Login.iOS.csproj", "{415EAFA3-FA99-45B3-AEB5-7293378A8A75}"
EndProject
Project("{FAE04EC0-301F-11D3-BF4B-00C04F79EFBC}") = "Login", "Login\Login.csproj", "{56705907-E9E5-4F41-BAE4-76B43A4D6A71}"
EndProject
Global
	GlobalSection(SolutionConfigurationPlatforms) = preSolution
		Debug|Any CPU = Debug|Any CPU
		Release|Any CPU = Release|Any CPU
		Debug|iPhoneSimulator = Debug|iPhoneSimulator
		Release|iPhoneSimulator = Release|iPhoneSimulator
		Debug|iPhone = Debug|iPhone
		Release|iPhone = Release|iPhone
	EndGlobalSection
	GlobalSection(ProjectConfigurationPlatforms) = postSolution
		{77F93307-AFCE-423F-9967-D8746B695845}.Debug|Any CPU.ActiveCfg = Debug|Any CPU
		{77F93307-AFCE-423F-9967-D8746B695845}.Debug|Any CPU.Build.0 = Debug|Any CPU
		{77F93307-AFCE-423F-9967-D8746B695845}.Release|Any CPU.ActiveCfg = Release|Any CPU
		{77F93307-AFCE-423F-9967-D8746B695845}.Release|Any CPU.Build.0 = Release|Any CPU
		{77F93307-AFCE-423F-9967-D8746B695845}.Debug|iPhoneSimulator.ActiveCfg = Debug|Any CPU
		{77F93307-AFCE-423F-9967-D8746B695845}.Debug|iPhoneSimulator.Build.0 = Debug|Any CPU
		{77F93307-AFCE-423F-9967-D8746B695845}.Release|iPhoneSimulator.ActiveCfg = Release|Any CPU
		{77F93307-AFCE-423F-9967-D8746B695845}.Release|iPhoneSimulator.Build.0 = Release|Any CPU
		{77F93307-AFCE-423F-9967-D8746B695845}.Debug|iPhone.ActiveCfg = Debug|Any CPU
		{77F93307-AFCE-423F-9967-D8746B695845}.Debug|iPhone.Build.0 = Debug|Any CPU
		{77F93307-AFCE-423F-9967-D8746B695845}.Release|iPhone.ActiveCfg = Release|Any CPU
		{77F93307-AFCE-423F-9967-D8746B695845}.Release|iPhone.Build.0 = Release|Any CPU
		{415EAFA3-FA99-45B3-AEB5-7293378A8A75}.Debug|Any CPU.ActiveCfg = Debug|iPhoneSimulator
		{415EAFA3-FA99-45B3-AEB5-7293378A8A75}.Debug|Any CPU.Build.0 = Debug|iPhoneSimulator
		{415EAFA3-FA99-45B3-AEB5-7293378A8A75}.Release|Any CPU.ActiveCfg = Release|iPhoneSimulator
		{415EAFA3-FA99-45B3-AEB5-7293378A8A75}.Release|Any CPU.Build.0 = Release|iPhoneSimulator
		{415EAFA3-FA99-45B3-AEB5-7293378A8A75}.Debug|iPhoneSimulator.ActiveCfg = Debug|iPhoneSimulator
		{415EAFA3-FA99-45B3-AEB5-7293378A8A75}.Debug|iPhoneSimulator.Build.0 = Debug|iPhoneSimulator
		{415EAFA3-FA99-45B3-AEB5-7293378A8A75}.Release|iPhoneSimulator.ActiveCfg = Release|iPhoneSimulator
		{415EAFA3-FA99-45B3-AEB5-7293378A8A75}.Release|iPhoneSimulator.Build.0 = Release|iPhoneSimulator
		{415EAFA3-FA99-45B3-AEB5-7293378A8A75}.Debug|iPhone.ActiveCfg = Debug|iPhone
		{415EAFA3-FA99-45B3-AEB5-7293378A8A75}.Debug|iPhone.Build.0 = Debug|iPhone
		{415EAFA3-FA99-45B3-AEB5-7293378A8A75}.Release|iPhone.ActiveCfg = Release|iPhone
		{415EAFA3-FA99-45B3-AEB5-7293378A8A75}.Release|iPhone.Build.0 = Release|iPhone
		{56705907-E9E5-4F41-BAE4-76B43A4D6A71}.Debug|Any CPU.ActiveCfg = Debug|Any CPU
		{56705907-E9E5-4F41-BAE4-76B43A4D6A71}.Debug|Any CPU.Build.0 = Debug|Any CPU
		{56705907-E9E5-4F41-BAE4-76B43A4D6A71}.Release|Any CPU.ActiveCfg = Release|Any CPU
		{56705907-E9E5-4F41-BAE4-76B43A4D6A71}.Release|Any CPU.Build.0 = Release|Any CPU
		{56705907-E9E5-4F41-BAE4-76B43A4D6A71}.Debug|iPhoneSimulator.ActiveCfg = Debug|Any CPU
		{56705907-E9E5-4F41-BAE4-76B43A4D6A71}.Debug|iPhoneSimulator.Build.0 = Debug|Any CPU
		{56705907-E9E5-4F41-BAE4-76B43A4D6A71}.Release|iPhoneSimulator.ActiveCfg = Release|Any CPU
		{56705907-E9E5-4F41-BAE4-76B43A4D6A71}.Release|iPhoneSimulator.Build.0 = Release|Any CPU
		{56705907-E9E5-4F41-BAE4-76B43A4D6A71}.Debug|iPhone.ActiveCfg = Debug|Any CPU
		{56705907-E9E5-4F41-BAE4-76B43A4D6A71}.Debug|iPhone.Build.0 = Debug|Any CPU
		{56705907-E9E5-4F41-BAE4-76B43A4D6A71}.Release|iPhone.ActiveCfg = Release|Any CPU
		{56705907-E9E5-4F41-BAE4-76B43A4D6A71}.Release|iPhone.Build.0 = Release|Any CPU
	EndGlobalSection
EndGlobal
